
Microsoft Visual Studio Solution File, Format Version 12.00
# Visual Studio 15
VisualStudioVersion = 15.0.27428.2043
MinimumVisualStudioVersion = 10.0.40219.1
Project("{FAE04EC0-301F-11D3-BF4B-00C04F79EFBC}") = "GameOfLife.UI", "GameOfLife.UI\GameOfLife.UI.csproj", "{2D8CB13B-A4FE-4F73-92CE-69F8C5E85B4A}"
EndProject
Project("{FAE04EC0-301F-11D3-BF4B-00C04F79EFBC}") = "GameOfLife.Engine", "GameOfLife.Engine\GameOfLife.Engine.csproj", "{79A78570-4407-4EDF-9FC3-E4A3D6D39FF0}"
EndProject
Project("{FAE04EC0-301F-11D3-BF4B-00C04F79EFBC}") = "EngineTest", "EngineTest\EngineTest.csproj", "{AC3D8B87-5BD2-4F59-A923-5339DE844B8A}"
EndProject
Global
	GlobalSection(SolutionConfigurationPlatforms) = preSolution
		Debug|Any CPU = Debug|Any CPU
		Release|Any CPU = Release|Any CPU
	EndGlobalSection
	GlobalSection(ProjectConfigurationPlatforms) = postSolution
		{2D8CB13B-A4FE-4F73-92CE-69F8C5E85B4A}.Debug|Any CPU.ActiveCfg = Debug|Any CPU
		{2D8CB13B-A4FE-4F73-92CE-69F8C5E85B4A}.Debug|Any CPU.Build.0 = Debug|Any CPU
		{2D8CB13B-A4FE-4F73-92CE-69F8C5E85B4A}.Release|Any CPU.ActiveCfg = Release|Any CPU
		{2D8CB13B-A4FE-4F73-92CE-69F8C5E85B4A}.Release|Any CPU.Build.0 = Release|Any CPU
		{79A78570-4407-4EDF-9FC3-E4A3D6D39FF0}.Debug|Any CPU.ActiveCfg = Debug|Any CPU
		{79A78570-4407-4EDF-9FC3-E4A3D6D39FF0}.Debug|Any CPU.Build.0 = Debug|Any CPU
		{79A78570-4407-4EDF-9FC3-E4A3D6D39FF0}.Release|Any CPU.ActiveCfg = Release|Any CPU
		{79A78570-4407-4EDF-9FC3-E4A3D6D39FF0}.Release|Any CPU.Build.0 = Release|Any CPU
		{AC3D8B87-5BD2-4F59-A923-5339DE844B8A}.Debug|Any CPU.ActiveCfg = Debug|Any CPU
		{AC3D8B87-5BD2-4F59-A923-5339DE844B8A}.Debug|Any CPU.Build.0 = Debug|Any CPU
		{AC3D8B87-5BD2-4F59-A923-5339DE844B8A}.Release|Any CPU.ActiveCfg = Release|Any CPU
		{AC3D8B87-5BD2-4F59-A923-5339DE844B8A}.Release|Any CPU.Build.0 = Release|Any CPU
	EndGlobalSection
	GlobalSection(SolutionProperties) = preSolution
		HideSolutionNode = FALSE
	EndGlobalSection
	GlobalSection(ExtensibilityGlobals) = postSolution
		SolutionGuid = {A34AEEA2-A3C1-4009-91BB-652DDDCCB9B9}
	EndGlobalSection
EndGlobal
